
Microsoft Visual Studio Solution File, Format Version 12.00
# Visual Studio Version 17
VisualStudioVersion = 17.10.35122.118
MinimumVisualStudioVersion = 10.0.40219.1
Project("{FAE04EC0-301F-11D3-BF4B-00C04F79EFBC}") = "SeleniumAndPlaywright", "SeleniumAndPlaywright.csproj", "{813EA6EF-2D5C-4702-85E0-1FD8D093C617}"
EndProject
Global
	GlobalSection(SolutionConfigurationPlatforms) = preSolution
		Debug|Any CPU = Debug|Any CPU
		Release|Any CPU = Release|Any CPU
	EndGlobalSection
	GlobalSection(ProjectConfigurationPlatforms) = postSolution
		{813EA6EF-2D5C-4702-85E0-1FD8D093C617}.Debug|Any CPU.ActiveCfg = Debug|Any CPU
		{813EA6EF-2D5C-4702-85E0-1FD8D093C617}.Debug|Any CPU.Build.0 = Debug|Any CPU
		{813EA6EF-2D5C-4702-85E0-1FD8D093C617}.Release|Any CPU.ActiveCfg = Release|Any CPU
		{813EA6EF-2D5C-4702-85E0-1FD8D093C617}.Release|Any CPU.Build.0 = Release|Any CPU
	EndGlobalSection
	GlobalSection(SolutionProperties) = preSolution
		HideSolutionNode = FALSE
	EndGlobalSection
	GlobalSection(ExtensibilityGlobals) = postSolution
		SolutionGuid = {E9A05FA7-DF9D-41D4-8D4A-99B43E2FB4B2}
	EndGlobalSection
EndGlobal
